[[tools.lefthook]]
version = "2.1.0"
backend = "aqua:evilmartians/lefthook"
"platforms.linux-arm64" = { checksum = "sha256:f8441d1c59937a9a7f153a0c873b37f6983a18e6704351e172c0f69ea5230109", url = "https://github.com/evilmartians/lefthook/releases/download/v2.1.0/lefthook_2.1.0_Linux_aarch64.gz"}
"platforms.linux-x64" = { checksum = "sha256:2c5a385098de3fe9a45eea404eb6284ffcc537ec27556772ccc6ba31879b4fca", url = "https://github.com/evilmartians/lefthook/releases/download/v2.1.0/lefthook_2.1.0_Linux_x86_64.gz"}
"platforms.macos-arm64" = { checksum = "sha256:02171a4cdf2f65b59fcb4a3c4ec1d802aa3e6fe4f49487b0c979c73b5a24b7d5", url = "https://github.com/evilmartians/lefthook/releases/download/v2.1.0/lefthook_2.1.0_MacOS_arm64.gz"}
"platforms.macos-x64" = { checksum = "sha256:443e09f52f2dc1d5a06887ac4dfbf318e90726071df54b37208d52fa8aa6f099", url = "https://github.com/evilmartians/lefthook/releases/download/v2.1.0/lefthook_2.1.0_MacOS_x86_64.gz"}
"platforms.windows-x64" = { checksum = "sha256:4ca96d5cb30d07339770c6c97910b784e5e3c75524a1375dbf6bc5dbe51d72c3", url = "https://github.com/evilmartians/lefthook/releases/download/v2.1.0/lefthook_2.1.0_Windows_x86_64.gz"}

[[tools."npm:@ai-sdk/anthropic"]]
version = "3.0.39"
backend = "npm:@ai-sdk/anthropic"

[[tools."npm:@playwright/mcp"]]
version = "0.0.64"
backend = "npm:@playwright/mcp"

[[tools."npm:@playwright/test"]]
version = "1.58.2"
backend = "npm:@playwright/test"

[[tools."npm:@vercel/agent-eval"]]
version = "0.3.2"
backend = "npm:@vercel/agent-eval"

[[tools."npm:@vercel/slack-bolt"]]
version = "1.1.0"
backend = "npm:@vercel/slack-bolt"

[[tools."npm:agent-browser"]]
version = "0.9.1"
backend = "npm:agent-browser"

[[tools."npm:ai"]]
version = "6.0.77"
backend = "npm:ai"

[[tools."npm:autoship"]]
version = "0.2.0"
backend = "npm:autoship"

[[tools."npm:dev3000"]]
version = "0.0.165"
backend = "npm:dev3000"

[[tools."npm:fix-react2shell-next"]]
version = "1.1.4"
backend = "npm:fix-react2shell-next"

[[tools."npm:harden-react-markdown"]]
version = "1.1.7"
backend = "npm:harden-react-markdown"

[[tools."npm:just-bash"]]
version = "2.9.6"
backend = "npm:just-bash"

[[tools."npm:mcp-handler"]]
version = "1.0.7"
backend = "npm:mcp-handler"

[[tools."npm:mcp-to-ai-sdk"]]
version = "0.1.1"
backend = "npm:mcp-to-ai-sdk"

[[tools."npm:opensrc"]]
version = "0.6.0"
backend = "npm:opensrc"

[[tools."npm:playwright"]]
version = "1.58.2"
backend = "npm:playwright"

[[tools."npm:specli"]]
version = "0.0.39"
backend = "npm:specli"

[[tools."npm:vercel-open"]]
version = "1.1.20"
backend = "npm:vercel-open"
